// !$*UTF8*$!
{
	archiveVersion = 1;
	classes = {
	};
	objectVersion = 50;
	objects = {

/* Begin PBXBuildFile section */
		D00C6F5B2544992E00D2AF07 /* Assets.xcassets in Resources */ = {isa = PBXBuildFile; fileRef = D00C6F5A2544992E00D2AF07 /* Assets.xcassets */; };
		D00C6F5E2544992E00D2AF07 /* Preview Assets.xcassets in Resources */ = {isa = PBXBuildFile; fileRef = D00C6F5D2544992E00D2AF07 /* Preview Assets.xcassets */; };
		D00C6F602544992E00D2AF07 /* Persistence.swift in Sources */ = {isa = PBXBuildFile; fileRef = D00C6F5F2544992E00D2AF07 /* Persistence.swift */; };
		D00C6F632544992E00D2AF07 /* Current.xcdatamodeld in Sources */ = {isa = PBXBuildFile; fileRef = D00C6F612544992E00D2AF07 /* Current.xcdatamodeld */; };
		D00C6F80254499EF00D2AF07 /* CurrentApp.swift in Sources */ = {isa = PBXBuildFile; fileRef = D00C6F7D254499EF00D2AF07 /* CurrentApp.swift */; };
		D00C6F81254499EF00D2AF07 /* Secret.swift in Sources */ = {isa = PBXBuildFile; fileRef = D00C6F7F254499EF00D2AF07 /* Secret.swift */; };
		D00C6F82254499EF00D2AF07 /* PlatformView.swift in Sources */ = {isa = PBXBuildFile; fileRef = D00C6F7E254499EF00D2AF07 /* PlatformView.swift */; };
		D00C6F83254499EF00D2AF07 /* Platforms.swift in Sources */ = {isa = PBXBuildFile; fileRef = D00C6F7C254499EF00D2AF07 /* Platforms.swift */; };
		D01C222E2544B8F900901B38 /* Posters.swift in Sources */ = {isa = PBXBuildFile; fileRef = D01C222D2544B8F900901B38 /* Posters.swift */; };
		D01C22322544B97200901B38 /* SearchWindow.swift in Sources */ = {isa = PBXBuildFile; fileRef = D01C22312544B97200901B38 /* SearchWindow.swift */; };
		D01C22362544C35C00901B38 /* DataRetrieval.swift in Sources */ = {isa = PBXBuildFile; fileRef = D01C22352544C35C00901B38 /* DataRetrieval.swift */; };
		D01C223A2544CC2000901B38 /* Gradients.swift in Sources */ = {isa = PBXBuildFile; fileRef = D01C22392544CC2000901B38 /* Gradients.swift */; };
		D01C223D2544D7EB00901B38 /* Constants.swift in Sources */ = {isa = PBXBuildFile; fileRef = D01C223C2544D7EB00901B38 /* Constants.swift */; };
		D01C2240254506F100901B38 /* UIImageFromURL.swift in Sources */ = {isa = PBXBuildFile; fileRef = D01C223F254506F100901B38 /* UIImageFromURL.swift */; };
/* End PBXBuildFile section */

/* Begin PBXFileReference section */
		D00C6F532544992D00D2AF07 /* Current.app */ = {isa = PBXFileReference; explicitFileType = wrapper.application; includeInIndex = 0; path = Current.app; sourceTree = BUILT_PRODUCTS_DIR; };
		D00C6F5A2544992E00D2AF07 /* Assets.xcassets */ = {isa = PBXFileReference; lastKnownFileType = folder.assetcatalog; path = Assets.xcassets; sourceTree = "<group>"; };
		D00C6F5D2544992E00D2AF07 /* Preview Assets.xcassets */ = {isa = PBXFileReference; lastKnownFileType = folder.assetcatalog; path = "Preview Assets.xcassets"; sourceTree = "<group>"; };
		D00C6F5F2544992E00D2AF07 /* Persistence.swift */ = {isa = PBXFileReference; lastKnownFileType = sourcecode.swift; path = Persistence.swift; sourceTree = "<group>"; };
		D00C6F622544992E00D2AF07 /* Current.xcdatamodel */ = {isa = PBXFileReference; lastKnownFileType = wrapper.xcdatamodel; path = Current.xcdatamodel; sourceTree = "<group>"; };
		D00C6F642544992E00D2AF07 /* Info.plist */ = {isa = PBXFileReference; lastKnownFileType = text.plist.xml; path = Info.plist; sourceTree = "<group>"; };
		D00C6F7C254499EF00D2AF07 /* Platforms.swift */ = {isa = PBXFileReference; lastKnownFileType = sourcecode.swift; name = Platforms.swift; path = /Users/tylerdakin/Documents/xcode/Current/Current/Platforms.swift; sourceTree = "<absolute>"; };
		D00C6F7D254499EF00D2AF07 /* CurrentApp.swift */ = {isa = PBXFileReference; lastKnownFileType = sourcecode.swift; name = CurrentApp.swift; path = /Users/tylerdakin/Documents/xcode/Current/Current/CurrentApp.swift; sourceTree = "<absolute>"; };
		D00C6F7E254499EF00D2AF07 /* PlatformView.swift */ = {isa = PBXFileReference; lastKnownFileType = sourcecode.swift; name = PlatformView.swift; path = /Users/tylerdakin/Documents/xcode/Current/Current/PlatformView.swift; sourceTree = "<absolute>"; };
		D00C6F7F254499EF00D2AF07 /* Secret.swift */ = {isa = PBXFileReference; lastKnownFileType = sourcecode.swift; name = Secret.swift; path = /Users/tylerdakin/Documents/xcode/Current/Current/Secret.swift; sourceTree = "<absolute>"; };
		D01C222D2544B8F900901B38 /* Posters.swift */ = {isa = PBXFileReference; lastKnownFileType = sourcecode.swift; path = Posters.swift; sourceTree = "<group>"; };
		D01C22312544B97200901B38 /* SearchWindow.swift */ = {isa = PBXFileReference; lastKnownFileType = sourcecode.swift; path = SearchWindow.swift; sourceTree = "<group>"; };
		D01C22352544C35C00901B38 /* DataRetrieval.swift */ = {isa = PBXFileReference; lastKnownFileType = sourcecode.swift; path = DataRetrieval.swift; sourceTree = "<group>"; };
		D01C22392544CC2000901B38 /* Gradients.swift */ = {isa = PBXFileReference; fileEncoding = 4; lastKnownFileType = sourcecode.swift; path = Gradients.swift; sourceTree = "<group>"; };
		D01C223C2544D7EB00901B38 /* Constants.swift */ = {isa = PBXFileReference; lastKnownFileType = sourcecode.swift; path = Constants.swift; sourceTree = "<group>"; };
		D01C223F254506F100901B38 /* UIImageFromURL.swift */ = {isa = PBXFileReference; lastKnownFileType = sourcecode.swift; path = UIImageFromURL.swift; sourceTree = "<group>"; };
/* End PBXFileReference section */

/* Begin PBXFrameworksBuildPhase section */
		D00C6F502544992D00D2AF07 /* Frameworks */ = {
			isa = PBXFrameworksBuildPhase;
			buildActionMask = 2147483647;
			files = (
			);
			runOnlyForDeploymentPostprocessing = 0;
		};
/* End PBXFrameworksBuildPhase section */

/* Begin PBXGroup section */
		D00C6F4A2544992D00D2AF07 = {
			isa = PBXGroup;
			children = (
				D00C6F552544992D00D2AF07 /* Current */,
				D00C6F542544992D00D2AF07 /* Products */,
			);
			sourceTree = "<group>";
		};
		D00C6F542544992D00D2AF07 /* Products */ = {
			isa = PBXGroup;
			children = (
				D00C6F532544992D00D2AF07 /* Current.app */,
			);
			name = Products;
			sourceTree = "<group>";
		};
		D00C6F552544992D00D2AF07 /* Current */ = {
			isa = PBXGroup;
			children = (
				D00C6F5A2544992E00D2AF07 /* Assets.xcassets */,
				D00C6F5F2544992E00D2AF07 /* Persistence.swift */,
				D00C6F7D254499EF00D2AF07 /* CurrentApp.swift */,
				D00C6F7E254499EF00D2AF07 /* PlatformView.swift */,
				D01C22312544B97200901B38 /* SearchWindow.swift */,
				D00C6F7C254499EF00D2AF07 /* Platforms.swift */,
				D01C222D2544B8F900901B38 /* Posters.swift */,
				D01C22392544CC2000901B38 /* Gradients.swift */,
				D01C22352544C35C00901B38 /* DataRetrieval.swift */,
				D01C223C2544D7EB00901B38 /* Constants.swift */,
				D00C6F7F254499EF00D2AF07 /* Secret.swift */,
				D01C223F254506F100901B38 /* UIImageFromURL.swift */,
				D00C6F642544992E00D2AF07 /* Info.plist */,
				D00C6F612544992E00D2AF07 /* Current.xcdatamodeld */,
				D00C6F5C2544992E00D2AF07 /* Preview Content */,
			);
			path = Current;
			sourceTree = "<group>";
		};
		D00C6F5C2544992E00D2AF07 /* Preview Content */ = {
			isa = PBXGroup;
			children = (
				D00C6F5D2544992E00D2AF07 /* Preview Assets.xcassets */,
			);
			path = "Preview Content";
			sourceTree = "<group>";
		};
/* End PBXGroup section */

/* Begin PBXNativeTarget section */
		D00C6F522544992D00D2AF07 /* Current */ = {
			isa = PBXNativeTarget;
			buildConfigurationList = D00C6F672544992E00D2AF07 /* Build configuration list for PBXNativeTarget "Current" */;
			buildPhases = (
				D00C6F4F2544992D00D2AF07 /* Sources */,
				D00C6F502544992D00D2AF07 /* Frameworks */,
				D00C6F512544992D00D2AF07 /* Resources */,
			);
			buildRules = (
			);
			dependencies = (
			);
			name = Current;
			productName = Current;
			productReference = D00C6F532544992D00D2AF07 /* Current.app */;
			productType = "com.apple.product-type.application";
		};
/* End PBXNativeTarget section */

/* Begin PBXProject section */
		D00C6F4B2544992D00D2AF07 /* Project object */ = {
			isa = PBXProject;
			attributes = {
				LastSwiftUpdateCheck = 1220;
				LastUpgradeCheck = 1220;
				TargetAttributes = {
					D00C6F522544992D00D2AF07 = {
						CreatedOnToolsVersion = 12.2;
					};
				};
			};
			buildConfigurationList = D00C6F4E2544992D00D2AF07 /* Build configuration list for PBXProject "Current" */;
			compatibilityVersion = "Xcode 9.3";
			developmentRegion = en;
			hasScannedForEncodings = 0;
			knownRegions = (
				en,
				Base,
			);
			mainGroup = D00C6F4A2544992D00D2AF07;
			productRefGroup = D00C6F542544992D00D2AF07 /* Products */;
			projectDirPath = "";
			projectRoot = "";
			targets = (
				D00C6F522544992D00D2AF07 /* Current */,
			);
		};
/* End PBXProject section */

/* Begin PBXResourcesBuildPhase section */
		D00C6F512544992D00D2AF07 /* Resources */ = {
			isa = PBXResourcesBuildPhase;
			buildActionMask = 2147483647;
			files = (
				D00C6F5E2544992E00D2AF07 /* Preview Assets.xcassets in Resources */,
				D00C6F5B2544992E00D2AF07 /* Assets.xcassets in Resources */,
			);
			runOnlyForDeploymentPostprocessing = 0;
		};
/* End PBXResourcesBuildPhase section */

/* Begin PBXSourcesBuildPhase section */
		D00C6F4F2544992D00D2AF07 /* Sources */ = {
			isa = PBXSourcesBuildPhase;
			buildActionMask = 2147483647;
			files = (
				D01C22362544C35C00901B38 /* DataRetrieval.swift in Sources */,
				D01C223D2544D7EB00901B38 /* Constants.swift in Sources */,
				D01C223A2544CC2000901B38 /* Gradients.swift in Sources */,
				D01C2240254506F100901B38 /* UIImageFromURL.swift in Sources */,
				D00C6F602544992E00D2AF07 /* Persistence.swift in Sources */,
				D00C6F81254499EF00D2AF07 /* Secret.swift in Sources */,
				D01C222E2544B8F900901B38 /* Posters.swift in Sources */,
				D01C22322544B97200901B38 /* SearchWindow.swift in Sources */,
				D00C6F83254499EF00D2AF07 /* Platforms.swift in Sources */,
				D00C6F632544992E00D2AF07 /* Current.xcdatamodeld in Sources */,
				D00C6F82254499EF00D2AF07 /* PlatformView.swift in Sources */,
				D00C6F80254499EF00D2AF07 /* CurrentApp.swift in Sources */,
			);
			runOnlyForDeploymentPostprocessing = 0;
		};
/* End PBXSourcesBuildPhase section */

/* Begin XCBuildConfiguration section */
		D00C6F652544992E00D2AF07 /* Debug */ = {
			isa = XCBuildConfiguration;
			buildSettings = {
				ALWAYS_SEARCH_USER_PATHS = NO;
				CLANG_ANALYZER_NONNULL = YES;
				CLANG_ANALYZER_NUMBER_OBJECT_CONVERSION = YES_AGGRESSIVE;
				CLANG_CXX_LANGUAGE_STANDARD = "gnu++14";
				CLANG_CXX_LIBRARY = "libc++";
				CLANG_ENABLE_MODULES = YES;
				CLANG_ENABLE_OBJC_ARC = YES;
				CLANG_ENABLE_OBJC_WEAK = YES;
				CLANG_WARN_BLOCK_CAPTURE_AUTORELEASING = YES;
				CLANG_WARN_BOOL_CONVERSION = YES;
				CLANG_WARN_COMMA = YES;
				CLANG_WARN_CONSTANT_CONVERSION = YES;
				CLANG_WARN_DEPRECATED_OBJC_IMPLEMENTATIONS = YES;
				CLANG_WARN_DIRECT_OBJC_ISA_USAGE = YES_ERROR;
				CLANG_WARN_DOCUMENTATION_COMMENTS = YES;
				CLANG_WARN_EMPTY_BODY = YES;
				CLANG_WARN_ENUM_CONVERSION = YES;
				CLANG_WARN_INFINITE_RECURSION = YES;
				CLANG_WARN_INT_CONVERSION = YES;
				CLANG_WARN_NON_LITERAL_NULL_CONVERSION = YES;
				CLANG_WARN_OBJC_IMPLICIT_RETAIN_SELF = YES;
				CLANG_WARN_OBJC_LITERAL_CONVERSION = YES;
				CLANG_WARN_OBJC_ROOT_CLASS = YES_ERROR;
				CLANG_WARN_QUOTED_INCLUDE_IN_FRAMEWORK_HEADER = YES;
				CLANG_WARN_RANGE_LOOP_ANALYSIS = YES;
				CLANG_WARN_STRICT_PROTOTYPES = YES;
				CLANG_WARN_SUSPICIOUS_MOVE = YES;
				CLANG_WARN_UNGUARDED_AVAILABILITY = YES_AGGRESSIVE;
				CLANG_WARN_UNREACHABLE_CODE = YES;
				CLANG_WARN__DUPLICATE_METHOD_MATCH = YES;
				COPY_PHASE_STRIP = NO;
				DEBUG_INFORMATION_FORMAT = dwarf;
				ENABLE_STRICT_OBJC_MSGSEND = YES;
				ENABLE_TESTABILITY = YES;
				GCC_C_LANGUAGE_STANDARD = gnu11;
				GCC_DYNAMIC_NO_PIC = NO;
				GCC_NO_COMMON_BLOCKS = YES;
				GCC_OPTIMIZATION_LEVEL = 0;
				GCC_PREPROCESSOR_DEFINITIONS = (
					"DEBUG=1",
					"$(inherited)",
				);
				GCC_WARN_64_TO_32_BIT_CONVERSION = YES;
				GCC_WARN_ABOUT_RETURN_TYPE = YES_ERROR;
				GCC_WARN_UNDECLARED_SELECTOR = YES;
				GCC_WARN_UNINITIALIZED_AUTOS = YES_AGGRESSIVE;
				GCC_WARN_UNUSED_FUNCTION = YES;
				GCC_WARN_UNUSED_VARIABLE = YES;
				IPHONEOS_DEPLOYMENT_TARGET = 14.2;
				MTL_ENABLE_DEBUG_INFO = INCLUDE_SOURCE;
				MTL_FAST_MATH = YES;
				ONLY_ACTIVE_ARCH = YES;
				SDKROOT = iphoneos;
				SWIFT_ACTIVE_COMPILATION_CONDITIONS = DEBUG;
				SWIFT_OPTIMIZATION_LEVEL = "-Onone";
			};
			name = Debug;
		};
		D00C6F662544992E00D2AF07 /* Release */ = {
			isa = XCBuildConfiguration;
			buildSettings = {
				ALWAYS_SEARCH_USER_PATHS = NO;
				CLANG_ANALYZER_NONNULL = YES;
				CLANG_ANALYZER_NUMBER_OBJECT_CONVERSION = YES_AGGRESSIVE;
				CLANG_CXX_LANGUAGE_STANDARD = "gnu++14";
				CLANG_CXX_LIBRARY = "libc++";
				CLANG_ENABLE_MODULES = YES;
				CLANG_ENABLE_OBJC_ARC = YES;
				CLANG_ENABLE_OBJC_WEAK = YES;
				CLANG_WARN_BLOCK_CAPTURE_AUTORELEASING = YES;
				CLANG_WARN_BOOL_CONVERSION = YES;
				CLANG_WARN_COMMA = YES;
				CLANG_WARN_CONSTANT_CONVERSION = YES;
				CLANG_WARN_DEPRECATED_OBJC_IMPLEMENTATIONS = YES;
				CLANG_WARN_DIRECT_OBJC_ISA_USAGE = YES_ERROR;
				CLANG_WARN_DOCUMENTATION_COMMENTS = YES;
				CLANG_WARN_EMPTY_BODY = YES;
				CLANG_WARN_ENUM_CONVERSION = YES;
				CLANG_WARN_INFINITE_RECURSION = YES;
				CLANG_WARN_INT_CONVERSION = YES;
				CLANG_WARN_NON_LITERAL_NULL_CONVERSION = YES;
				CLANG_WARN_OBJC_IMPLICIT_RETAIN_SELF = YES;
				CLANG_WARN_OBJC_LITERAL_CONVERSION = YES;
				CLANG_WARN_OBJC_ROOT_CLASS = YES_ERROR;
				CLANG_WARN_QUOTED_INCLUDE_IN_FRAMEWORK_HEADER = YES;
				CLANG_WARN_RANGE_LOOP_ANALYSIS = YES;
				CLANG_WARN_STRICT_PROTOTYPES = YES;
				CLANG_WARN_SUSPICIOUS_MOVE = YES;
				CLANG_WARN_UNGUARDED_AVAILABILITY = YES_AGGRESSIVE;
				CLANG_WARN_UNREACHABLE_CODE = YES;
				CLANG_WARN__DUPLICATE_METHOD_MATCH = YES;
				COPY_PHASE_STRIP = NO;
				DEBUG_INFORMATION_FORMAT = "dwarf-with-dsym";
				ENABLE_NS_ASSERTIONS = NO;
				ENABLE_STRICT_OBJC_MSGSEND = YES;
				GCC_C_LANGUAGE_STANDARD = gnu11;
				GCC_NO_COMMON_BLOCKS = YES;
				GCC_WARN_64_TO_32_BIT_CONVERSION = YES;
				GCC_WARN_ABOUT_RETURN_TYPE = YES_ERROR;
				GCC_WARN_UNDECLARED_SELECTOR = YES;
				GCC_WARN_UNINITIALIZED_AUTOS = YES_AGGRESSIVE;
				GCC_WARN_UNUSED_FUNCTION = YES;
				GCC_WARN_UNUSED_VARIABLE = YES;
				IPHONEOS_DEPLOYMENT_TARGET = 14.2;
				MTL_ENABLE_DEBUG_INFO = NO;
				MTL_FAST_MATH = YES;
				SDKROOT = iphoneos;
				SWIFT_COMPILATION_MODE = wholemodule;
				SWIFT_OPTIMIZATION_LEVEL = "-O";
				VALIDATE_PRODUCT = YES;
			};
			name = Release;
		};
		D00C6F682544992E00D2AF07 /* Debug */ = {
			isa = XCBuildConfiguration;
			buildSettings = {
				ASSETCATALOG_COMPILER_APPICON_NAME = AppIcon;
				ASSETCATALOG_COMPILER_GLOBAL_ACCENT_COLOR_NAME = AccentColor;
				CODE_SIGN_STYLE = Automatic;
				DEVELOPMENT_ASSET_PATHS = "\"Current/Preview Content\"";
				DEVELOPMENT_TEAM = X72S6AGP32;
				ENABLE_PREVIEWS = YES;
				INFOPLIST_FILE = Current/Info.plist;
				IPHONEOS_DEPLOYMENT_TARGET = 14.0;
				LD_RUNPATH_SEARCH_PATHS = (
					"$(inherited)",
					"@executable_path/Frameworks",
				);
				PRODUCT_BUNDLE_IDENTIFIER = com.tylerddakin.Current;
				PRODUCT_NAME = "$(TARGET_NAME)";
				SWIFT_VERSION = 5.0;
				TARGETED_DEVICE_FAMILY = "1,2";
			};
			name = Debug;
		};
		D00C6F692544992E00D2AF07 /* Release */ = {
			isa = XCBuildConfiguration;
			buildSettings = {
				ASSETCATALOG_COMPILER_APPICON_NAME = AppIcon;
				ASSETCATALOG_COMPILER_GLOBAL_ACCENT_COLOR_NAME = AccentColor;
				CODE_SIGN_STYLE = Automatic;
				DEVELOPMENT_ASSET_PATHS = "\"Current/Preview Content\"";
				DEVELOPMENT_TEAM = X72S6AGP32;
				ENABLE_PREVIEWS = YES;
				INFOPLIST_FILE = Current/Info.plist;
				IPHONEOS_DEPLOYMENT_TARGET = 14.0;
				LD_RUNPATH_SEARCH_PATHS = (
					"$(inherited)",
					"@executable_path/Frameworks",
				);
				PRODUCT_BUNDLE_IDENTIFIER = com.tylerddakin.Current;
				PRODUCT_NAME = "$(TARGET_NAME)";
				SWIFT_VERSION = 5.0;
				TARGETED_DEVICE_FAMILY = "1,2";
			};
			name = Release;
		};
/* End XCBuildConfiguration section */

/* Begin XCConfigurationList section */
		D00C6F4E2544992D00D2AF07 /* Build configuration list for PBXProject "Current" */ = {
			isa = XCConfigurationList;
			buildConfigurations = (
				D00C6F652544992E00D2AF07 /* Debug */,
				D00C6F662544992E00D2AF07 /* Release */,
			);
			defaultConfigurationIsVisible = 0;
			defaultConfigurationName = Release;
		};
		D00C6F672544992E00D2AF07 /* Build configuration list for PBXNativeTarget "Current" */ = {
			isa = XCConfigurationList;
			buildConfigurations = (
				D00C6F682544992E00D2AF07 /* Debug */,
				D00C6F692544992E00D2AF07 /* Release */,
			);
			defaultConfigurationIsVisible = 0;
			defaultConfigurationName = Release;
		};
/* End XCConfigurationList section */

/* Begin XCVersionGroup section */
		D00C6F612544992E00D2AF07 /* Current.xcdatamodeld */ = {
			isa = XCVersionGroup;
			children = (
				D00C6F622544992E00D2AF07 /* Current.xcdatamodel */,
			);
			currentVersion = D00C6F622544992E00D2AF07 /* Current.xcdatamodel */;
			path = Current.xcdatamodeld;
			sourceTree = "<group>";
			versionGroupType = wrapper.xcdatamodel;
		};
/* End XCVersionGroup section */
	};
	rootObject = D00C6F4B2544992D00D2AF07 /* Project object */;
}
